schema: '2.0'
stages:
  prepare:
    cmd: python3.11 src/prepare.py data/raw data/prepared
    deps:
    - path: data/raw
      hash: md5
      md5: 6d8f0c274829764e1ea1112420825014.dir
      size: 8822930
      nfiles: 1605
    - path: src/prepare.py
      hash: md5
      md5: 64f3a49d111d9382c49052044ae0f92d
      size: 2596
    - path: src/utils/seed.py
      hash: md5
      md5: 88d1f3a0005669ee70a6b5177dc12abb
      size: 454
    params:
      params.yaml:
        prepare:
          seed: 77
          split: 0.2
          image_size:
          - 32
          - 32
          grayscale: true
    outs:
    - path: data/prepared
      hash: md5
      md5: ed4e5718d41d8572589e0db4271a881c.dir
      size: 6619330
      nfiles: 8
  train:
    cmd: python3.11 src/train.py data/prepared model
    deps:
    - path: data/prepared
      hash: md5
      md5: ed4e5718d41d8572589e0db4271a881c.dir
      size: 6619330
      nfiles: 8
    - path: src/train.py
      hash: md5
      md5: 5418b191a4d4bc1b821817d5462dd4b0
      size: 3989
    - path: src/utils/seed.py
      hash: md5
      md5: 88d1f3a0005669ee70a6b5177dc12abb
      size: 454
    params:
      params.yaml:
        train:
          seed: 77
          lr: 0.0001
          epochs: 10
          conv_size: 64
          dense_size: 128
          output_classes: 11
    outs:
    - path: model
      hash: md5
      md5: d127ea02460d4f022dc91dce25b88610.dir
      size: 8369268
      nfiles: 2
  evaluate:
    cmd: python3.11 src/evaluate.py model data/prepared
    deps:
    - path: model
      hash: md5
      md5: d127ea02460d4f022dc91dce25b88610.dir
      size: 8369268
      nfiles: 2
    - path: src/evaluate.py
      hash: md5
      md5: c41f34abe8e568d4ce9f602f87fdd36f
      size: 5646
    outs:
    - path: evaluation/metrics.json
      hash: md5
      md5: e95a43bba51d088b6a556558ed0780f7
      size: 62
    - path: evaluation/plots/confusion_matrix.png
      hash: md5
      md5: 738d7726a5077bc3a855edb0c316491e
      size: 49363
    - path: evaluation/plots/pred_preview.png
      hash: md5
      md5: 2af1ad4b14300a521813197621133a7b
      size: 43509
    - path: evaluation/plots/training_history.png
      hash: md5
      md5: 7ab7b1767c0a7235c46072d811214487
      size: 40975
